
Microsoft Visual Studio Solution File, Format Version 12.00
# Visual Studio Version 16
VisualStudioVersion = 16.0.31005.135
MinimumVisualStudioVersion = 10.0.40219.1
Project("{9A19103F-16F7-4668-BE54-9A1E7A4F7556}") = "MyLotrApi", "src\MyLotrApi\MyLotrApi.csproj", "{D385D77A-367E-4242-AC74-867BAF569FF3}"
EndProject
Global
	GlobalSection(SolutionConfigurationPlatforms) = preSolution
		Debug|Any CPU = Debug|Any CPU
		Release|Any CPU = Release|Any CPU
	EndGlobalSection
	GlobalSection(ProjectConfigurationPlatforms) = postSolution
		{D385D77A-367E-4242-AC74-867BAF569FF3}.Debug|Any CPU.ActiveCfg = Debug|Any CPU
		{D385D77A-367E-4242-AC74-867BAF569FF3}.Debug|Any CPU.Build.0 = Debug|Any CPU
		{D385D77A-367E-4242-AC74-867BAF569FF3}.Release|Any CPU.ActiveCfg = Release|Any CPU
		{D385D77A-367E-4242-AC74-867BAF569FF3}.Release|Any CPU.Build.0 = Release|Any CPU
	EndGlobalSection
	GlobalSection(SolutionProperties) = preSolution
		HideSolutionNode = FALSE
	EndGlobalSection
	GlobalSection(ExtensibilityGlobals) = postSolution
		SolutionGuid = {1EFB0056-3044-4B51-B16A-791B811CFD3B}
	EndGlobalSection
EndGlobal
